// !$*UTF8*$!
{
	archiveVersion = 1;
	classes = {
	};
	objectVersion = 55;
	objects = {

/* Begin PBXBuildFile section */
		6309BED4297110C600AA6DDF /* AppDelegate.swift in Sources */ = {isa = PBXBuildFile; fileRef = 6309BED3297110C600AA6DDF /* AppDelegate.swift */; };
		6309BED6297110C600AA6DDF /* SceneDelegate.swift in Sources */ = {isa = PBXBuildFile; fileRef = 6309BED5297110C600AA6DDF /* SceneDelegate.swift */; };
		6309BEDD297110C700AA6DDF /* Assets.xcassets in Resources */ = {isa = PBXBuildFile; fileRef = 6309BEDC297110C700AA6DDF /* Assets.xcassets */; };
		6309BEE0297110C700AA6DDF /* LaunchScreen.storyboard in Resources */ = {isa = PBXBuildFile; fileRef = 6309BEDE297110C700AA6DDF /* LaunchScreen.storyboard */; };
		6309BEEB297110C700AA6DDF /* ChallenguePlatziUIKitTests.swift in Sources */ = {isa = PBXBuildFile; fileRef = 6309BEEA297110C700AA6DDF /* ChallenguePlatziUIKitTests.swift */; };
		6309BEF5297110C700AA6DDF /* ChallenguePlatziUIKitUITests.swift in Sources */ = {isa = PBXBuildFile; fileRef = 6309BEF4297110C700AA6DDF /* ChallenguePlatziUIKitUITests.swift */; };
		6309BEF7297110C700AA6DDF /* ChallenguePlatziUIKitUITestsLaunchTests.swift in Sources */ = {isa = PBXBuildFile; fileRef = 6309BEF6297110C700AA6DDF /* ChallenguePlatziUIKitUITestsLaunchTests.swift */; };
		6309BF0929712FED00AA6DDF /* CatsPrincipalLandingView.swift in Sources */ = {isa = PBXBuildFile; fileRef = 6309BF0829712FED00AA6DDF /* CatsPrincipalLandingView.swift */; };
		6309BF0E2971370D00AA6DDF /* CatPreviewCollectionViewCell.swift in Sources */ = {isa = PBXBuildFile; fileRef = 6309BF0D2971370D00AA6DDF /* CatPreviewCollectionViewCell.swift */; };
		6309BF112971372800AA6DDF /* UICollectionViewCell+Extensions.swift in Sources */ = {isa = PBXBuildFile; fileRef = 6309BF102971372800AA6DDF /* UICollectionViewCell+Extensions.swift */; };
		6309BF152971401B00AA6DDF /* CatsPrincipalLandingViewModel.swift in Sources */ = {isa = PBXBuildFile; fileRef = 6309BF142971401B00AA6DDF /* CatsPrincipalLandingViewModel.swift */; };
		6309BF1729714C4B00AA6DDF /* CatPreviewMainItem.swift in Sources */ = {isa = PBXBuildFile; fileRef = 6309BF1629714C4B00AA6DDF /* CatPreviewMainItem.swift */; };
		6309BF1A297153FF00AA6DDF /* GenericNetworkingLayer in Frameworks */ = {isa = PBXBuildFile; productRef = 6309BF19297153FF00AA6DDF /* GenericNetworkingLayer */; };
		6309BF1E297154AE00AA6DDF /* CatsPrincipalLandingApiDataManager.swift in Sources */ = {isa = PBXBuildFile; fileRef = 6309BF1D297154AE00AA6DDF /* CatsPrincipalLandingApiDataManager.swift */; };
		6309BF232971552B00AA6DDF /* GetCatsMainRequest.swift in Sources */ = {isa = PBXBuildFile; fileRef = 6309BF222971552B00AA6DDF /* GetCatsMainRequest.swift */; };
		6309BF25297157A200AA6DDF /* GetCatsServiceResponseDBO.swift in Sources */ = {isa = PBXBuildFile; fileRef = 6309BF24297157A200AA6DDF /* GetCatsServiceResponseDBO.swift */; };
		6309BF272971580100AA6DDF /* CatsPrincipalLandingRepository.swift in Sources */ = {isa = PBXBuildFile; fileRef = 6309BF262971580100AA6DDF /* CatsPrincipalLandingRepository.swift */; };
		6309BF302972689F00AA6DDF /* ImageRemoteDataSourceProtocol.swift in Sources */ = {isa = PBXBuildFile; fileRef = 6309BF2A2972689F00AA6DDF /* ImageRemoteDataSourceProtocol.swift */; };
		6309BF312972689F00AA6DDF /* ImageDownloaderManager.swift in Sources */ = {isa = PBXBuildFile; fileRef = 6309BF2C2972689F00AA6DDF /* ImageDownloaderManager.swift */; };
		6309BF322972689F00AA6DDF /* InternetConnectionCheckeable.swift in Sources */ = {isa = PBXBuildFile; fileRef = 6309BF2E2972689F00AA6DDF /* InternetConnectionCheckeable.swift */; };
		6309BF332972689F00AA6DDF /* InternetConnectionCheckerManager.swift in Sources */ = {isa = PBXBuildFile; fileRef = 6309BF2F2972689F00AA6DDF /* InternetConnectionCheckerManager.swift */; };
		6309BF3829726F0200AA6DDF /* CatsDetailScreenView.swift in Sources */ = {isa = PBXBuildFile; fileRef = 6309BF3729726F0200AA6DDF /* CatsDetailScreenView.swift */; };
		6309BF3B2972717500AA6DDF /* CatsPrincipalLandingRouter.swift in Sources */ = {isa = PBXBuildFile; fileRef = 6309BF3A2972717500AA6DDF /* CatsPrincipalLandingRouter.swift */; };
		6309BF3E297274F400AA6DDF /* CatsDetailScreenViewModel.swift in Sources */ = {isa = PBXBuildFile; fileRef = 6309BF3D297274F400AA6DDF /* CatsDetailScreenViewModel.swift */; };
		6309BF42297277F700AA6DDF /* CatsDetailScreenRepository.swift in Sources */ = {isa = PBXBuildFile; fileRef = 6309BF41297277F700AA6DDF /* CatsDetailScreenRepository.swift */; };
		6309BF4529727AE300AA6DDF /* AppGeneralConstants.swift in Sources */ = {isa = PBXBuildFile; fileRef = 6309BF4429727AE300AA6DDF /* AppGeneralConstants.swift */; };
		6309BF4929729B9900AA6DDF /* LottiePlayerView.swift in Sources */ = {isa = PBXBuildFile; fileRef = 6309BF4829729B9900AA6DDF /* LottiePlayerView.swift */; };
		6309BF4C29729BFA00AA6DDF /* Lottie in Frameworks */ = {isa = PBXBuildFile; productRef = 6309BF4B29729BFA00AA6DDF /* Lottie */; };
		6309BF5029729CFE00AA6DDF /* LottiePlayerViewConstants.swift in Sources */ = {isa = PBXBuildFile; fileRef = 6309BF4F29729CFE00AA6DDF /* LottiePlayerViewConstants.swift */; };
		6309BF5329729DB000AA6DDF /* LoadingViewController.swift in Sources */ = {isa = PBXBuildFile; fileRef = 6309BF5229729DB000AA6DDF /* LoadingViewController.swift */; };
		6309BF5629729E7500AA6DDF /* LoadableViewController.swift in Sources */ = {isa = PBXBuildFile; fileRef = 6309BF5529729E7500AA6DDF /* LoadableViewController.swift */; };
		6309BF5D2972A54E00AA6DDF /* loadingLottieCat.json in Resources */ = {isa = PBXBuildFile; fileRef = 6309BF5C2972A54E00AA6DDF /* loadingLottieCat.json */; };
		633851BB2973BBA9000A079E /* AlertViewManager.swift in Sources */ = {isa = PBXBuildFile; fileRef = 633851BA2973BBA9000A079E /* AlertViewManager.swift */; };
		633851BE2973C4C4000A079E /* EnumStringLocalizable.swift in Sources */ = {isa = PBXBuildFile; fileRef = 633851BD2973C4C4000A079E /* EnumStringLocalizable.swift */; };
		633851C12973C4F5000A079E /* Localizables.strings in Resources */ = {isa = PBXBuildFile; fileRef = 633851C02973C4F5000A079E /* Localizables.strings */; };
		633851C42973C541000A079E /* AppGeneralErrorStrings.swift in Sources */ = {isa = PBXBuildFile; fileRef = 633851C32973C541000A079E /* AppGeneralErrorStrings.swift */; };
		633851C92973C758000A079E /* CatsPrincipalLandingConstants.swift in Sources */ = {isa = PBXBuildFile; fileRef = 633851C82973C758000A079E /* CatsPrincipalLandingConstants.swift */; };
		633851CB2973C84C000A079E /* UIColor+Extensions.swift in Sources */ = {isa = PBXBuildFile; fileRef = 633851CA2973C84C000A079E /* UIColor+Extensions.swift */; };
		633851CD2973CA73000A079E /* CatsPrincipalLandingStrings.swift in Sources */ = {isa = PBXBuildFile; fileRef = 633851CC2973CA73000A079E /* CatsPrincipalLandingStrings.swift */; };
		633851CF2973D64C000A079E /* CatsPrincipalLandingProtocols.swift in Sources */ = {isa = PBXBuildFile; fileRef = 633851CE2973D64C000A079E /* CatsPrincipalLandingProtocols.swift */; };
		633851D12973E092000A079E /* LoadingViewControllerConstants.swift in Sources */ = {isa = PBXBuildFile; fileRef = 633851D02973E092000A079E /* LoadingViewControllerConstants.swift */; };
		633851D32973E1DA000A079E /* CatPreviewCollectionViewCellConstants.swift in Sources */ = {isa = PBXBuildFile; fileRef = 633851D22973E1D9000A079E /* CatPreviewCollectionViewCellConstants.swift */; };
		633851D62973E607000A079E /* CatsDetailScreenViewConstants.swift in Sources */ = {isa = PBXBuildFile; fileRef = 633851D52973E607000A079E /* CatsDetailScreenViewConstants.swift */; };
		633851DA2973F79C000A079E /* CatsDetailScreenViewStrings.swift in Sources */ = {isa = PBXBuildFile; fileRef = 633851D92973F79C000A079E /* CatsDetailScreenViewStrings.swift */; };
		633851DC2973F861000A079E /* CatsDetailScreenProtocols.swift in Sources */ = {isa = PBXBuildFile; fileRef = 633851DB2973F861000A079E /* CatsDetailScreenProtocols.swift */; };
		633851DE2973F887000A079E /* CatsDetailScreenRouter.swift in Sources */ = {isa = PBXBuildFile; fileRef = 633851DD2973F887000A079E /* CatsDetailScreenRouter.swift */; };
		633851E229743D3D000A079E /* TagsListHorizontalView.swift in Sources */ = {isa = PBXBuildFile; fileRef = 633851E129743D3D000A079E /* TagsListHorizontalView.swift */; };
		633851E429744055000A079E /* UIViewController+Extensions.swift in Sources */ = {isa = PBXBuildFile; fileRef = 633851E329744055000A079E /* UIViewController+Extensions.swift */; };
		633851E7297444BB000A079E /* TagsListCollectionViewCell.swift in Sources */ = {isa = PBXBuildFile; fileRef = 633851E6297444BB000A079E /* TagsListCollectionViewCell.swift */; };
		633851EB29744D44000A079E /* TagsListHorizontalViewModel.swift in Sources */ = {isa = PBXBuildFile; fileRef = 633851EA29744D44000A079E /* TagsListHorizontalViewModel.swift */; };
		63923CEB2974F4C8001792C6 /* TagsListCollectionViewCellConstants.swift in Sources */ = {isa = PBXBuildFile; fileRef = 63923CEA2974F4C8001792C6 /* TagsListCollectionViewCellConstants.swift */; };
		63923CEE2974F820001792C6 /* TagsListHorizontalViewConstants.swift in Sources */ = {isa = PBXBuildFile; fileRef = 63923CED2974F820001792C6 /* TagsListHorizontalViewConstants.swift */; };
		63923CF02974F930001792C6 /* TagsListHorizontalViewStrings.swift in Sources */ = {isa = PBXBuildFile; fileRef = 63923CEF2974F930001792C6 /* TagsListHorizontalViewStrings.swift */; };
/* End PBXBuildFile section */

/* Begin PBXContainerItemProxy section */
		6309BEE7297110C700AA6DDF /* PBXContainerItemProxy */ = {
			isa = PBXContainerItemProxy;
			containerPortal = 6309BEC8297110C600AA6DDF /* Project object */;
			proxyType = 1;
			remoteGlobalIDString = 6309BECF297110C600AA6DDF;
			remoteInfo = ChallenguePlatziUIKit;
		};
		6309BEF1297110C700AA6DDF /* PBXContainerItemProxy */ = {
			isa = PBXContainerItemProxy;
			containerPortal = 6309BEC8297110C600AA6DDF /* Project object */;
			proxyType = 1;
			remoteGlobalIDString = 6309BECF297110C600AA6DDF;
			remoteInfo = ChallenguePlatziUIKit;
		};
/* End PBXContainerItemProxy section */

/* Begin PBXFileReference section */
		6309BED0297110C600AA6DDF /* ChallenguePlatziUIKit.app */ = {isa = PBXFileReference; explicitFileType = wrapper.application; includeInIndex = 0; path = ChallenguePlatziUIKit.app; sourceTree = BUILT_PRODUCTS_DIR; };
		6309BED3297110C600AA6DDF /* AppDelegate.swift */ = {isa = PBXFileReference; lastKnownFileType = sourcecode.swift; path = AppDelegate.swift; sourceTree = "<group>"; };
		6309BED5297110C600AA6DDF /* SceneDelegate.swift */ = {isa = PBXFileReference; lastKnownFileType = sourcecode.swift; path = SceneDelegate.swift; sourceTree = "<group>"; };
		6309BEDC297110C700AA6DDF /* Assets.xcassets */ = {isa = PBXFileReference; lastKnownFileType = folder.assetcatalog; path = Assets.xcassets; sourceTree = "<group>"; };
		6309BEDF297110C700AA6DDF /* Base */ = {isa = PBXFileReference; lastKnownFileType = file.storyboard; name = Base; path = Base.lproj/LaunchScreen.storyboard; sourceTree = "<group>"; };
		6309BEE1297110C700AA6DDF /* Info.plist */ = {isa = PBXFileReference; lastKnownFileType = text.plist.xml; path = Info.plist; sourceTree = "<group>"; };
		6309BEE6297110C700AA6DDF /* ChallenguePlatziUIKitTests.xctest */ = {isa = PBXFileReference; explicitFileType = wrapper.cfbundle; includeInIndex = 0; path = ChallenguePlatziUIKitTests.xctest; sourceTree = BUILT_PRODUCTS_DIR; };
		6309BEEA297110C700AA6DDF /* ChallenguePlatziUIKitTests.swift */ = {isa = PBXFileReference; lastKnownFileType = sourcecode.swift; path = ChallenguePlatziUIKitTests.swift; sourceTree = "<group>"; };
		6309BEF0297110C700AA6DDF /* ChallenguePlatziUIKitUITests.xctest */ = {isa = PBXFileReference; explicitFileType = wrapper.cfbundle; includeInIndex = 0; path = ChallenguePlatziUIKitUITests.xctest; sourceTree = BUILT_PRODUCTS_DIR; };
		6309BEF4297110C700AA6DDF /* ChallenguePlatziUIKitUITests.swift */ = {isa = PBXFileReference; lastKnownFileType = sourcecode.swift; path = ChallenguePlatziUIKitUITests.swift; sourceTree = "<group>"; };
		6309BEF6297110C700AA6DDF /* ChallenguePlatziUIKitUITestsLaunchTests.swift */ = {isa = PBXFileReference; lastKnownFileType = sourcecode.swift; path = ChallenguePlatziUIKitUITestsLaunchTests.swift; sourceTree = "<group>"; };
		6309BF0829712FED00AA6DDF /* CatsPrincipalLandingView.swift */ = {isa = PBXFileReference; lastKnownFileType = sourcecode.swift; path = CatsPrincipalLandingView.swift; sourceTree = "<group>"; };
		6309BF0D2971370D00AA6DDF /* CatPreviewCollectionViewCell.swift */ = {isa = PBXFileReference; lastKnownFileType = sourcecode.swift; path = CatPreviewCollectionViewCell.swift; sourceTree = "<group>"; };
		6309BF102971372800AA6DDF /* UICollectionViewCell+Extensions.swift */ = {isa = PBXFileReference; lastKnownFileType = sourcecode.swift; path = "UICollectionViewCell+Extensions.swift"; sourceTree = "<group>"; };
		6309BF142971401B00AA6DDF /* CatsPrincipalLandingViewModel.swift */ = {isa = PBXFileReference; lastKnownFileType = sourcecode.swift; path = CatsPrincipalLandingViewModel.swift; sourceTree = "<group>"; };
		6309BF1629714C4B00AA6DDF /* CatPreviewMainItem.swift */ = {isa = PBXFileReference; lastKnownFileType = sourcecode.swift; path = CatPreviewMainItem.swift; sourceTree = "<group>"; };
		6309BF1D297154AE00AA6DDF /* CatsPrincipalLandingApiDataManager.swift */ = {isa = PBXFileReference; lastKnownFileType = sourcecode.swift; path = CatsPrincipalLandingApiDataManager.swift; sourceTree = "<group>"; };
		6309BF222971552B00AA6DDF /* GetCatsMainRequest.swift */ = {isa = PBXFileReference; lastKnownFileType = sourcecode.swift; path = GetCatsMainRequest.swift; sourceTree = "<group>"; };
		6309BF24297157A200AA6DDF /* GetCatsServiceResponseDBO.swift */ = {isa = PBXFileReference; lastKnownFileType = sourcecode.swift; path = GetCatsServiceResponseDBO.swift; sourceTree = "<group>"; };
		6309BF262971580100AA6DDF /* CatsPrincipalLandingRepository.swift */ = {isa = PBXFileReference; lastKnownFileType = sourcecode.swift; path = CatsPrincipalLandingRepository.swift; sourceTree = "<group>"; };
		6309BF2A2972689F00AA6DDF /* ImageRemoteDataSourceProtocol.swift */ = {isa = PBXFileReference; fileEncoding = 4; lastKnownFileType = sourcecode.swift; path = ImageRemoteDataSourceProtocol.swift; sourceTree = "<group>"; };
		6309BF2C2972689F00AA6DDF /* ImageDownloaderManager.swift */ = {isa = PBXFileReference; fileEncoding = 4; lastKnownFileType = sourcecode.swift; path = ImageDownloaderManager.swift; sourceTree = "<group>"; };
		6309BF2E2972689F00AA6DDF /* InternetConnectionCheckeable.swift */ = {isa = PBXFileReference; fileEncoding = 4; lastKnownFileType = sourcecode.swift; path = InternetConnectionCheckeable.swift; sourceTree = "<group>"; };
		6309BF2F2972689F00AA6DDF /* InternetConnectionCheckerManager.swift */ = {isa = PBXFileReference; fileEncoding = 4; lastKnownFileType = sourcecode.swift; path = InternetConnectionCheckerManager.swift; sourceTree = "<group>"; };
		6309BF3729726F0200AA6DDF /* CatsDetailScreenView.swift */ = {isa = PBXFileReference; lastKnownFileType = sourcecode.swift; path = CatsDetailScreenView.swift; sourceTree = "<group>"; };
		6309BF3A2972717500AA6DDF /* CatsPrincipalLandingRouter.swift */ = {isa = PBXFileReference; lastKnownFileType = sourcecode.swift; path = CatsPrincipalLandingRouter.swift; sourceTree = "<group>"; };
		6309BF3D297274F400AA6DDF /* CatsDetailScreenViewModel.swift */ = {isa = PBXFileReference; lastKnownFileType = sourcecode.swift; path = CatsDetailScreenViewModel.swift; sourceTree = "<group>"; };
		6309BF41297277F700AA6DDF /* CatsDetailScreenRepository.swift */ = {isa = PBXFileReference; lastKnownFileType = sourcecode.swift; path = CatsDetailScreenRepository.swift; sourceTree = "<group>"; };
		6309BF4429727AE300AA6DDF /* AppGeneralConstants.swift */ = {isa = PBXFileReference; lastKnownFileType = sourcecode.swift; path = AppGeneralConstants.swift; sourceTree = "<group>"; };
		6309BF4829729B9900AA6DDF /* LottiePlayerView.swift */ = {isa = PBXFileReference; lastKnownFileType = sourcecode.swift; path = LottiePlayerView.swift; sourceTree = "<group>"; };
		6309BF4F29729CFE00AA6DDF /* LottiePlayerViewConstants.swift */ = {isa = PBXFileReference; lastKnownFileType = sourcecode.swift; path = LottiePlayerViewConstants.swift; sourceTree = "<group>"; };
		6309BF5229729DB000AA6DDF /* LoadingViewController.swift */ = {isa = PBXFileReference; lastKnownFileType = sourcecode.swift; path = LoadingViewController.swift; sourceTree = "<group>"; };
		6309BF5529729E7500AA6DDF /* LoadableViewController.swift */ = {isa = PBXFileReference; lastKnownFileType = sourcecode.swift; path = LoadableViewController.swift; sourceTree = "<group>"; };
		6309BF5C2972A54E00AA6DDF /* loadingLottieCat.json */ = {isa = PBXFileReference; fileEncoding = 4; lastKnownFileType = text.json; path = loadingLottieCat.json; sourceTree = "<group>"; };
		633851BA2973BBA9000A079E /* AlertViewManager.swift */ = {isa = PBXFileReference; lastKnownFileType = sourcecode.swift; path = AlertViewManager.swift; sourceTree = "<group>"; };
		633851BD2973C4C4000A079E /* EnumStringLocalizable.swift */ = {isa = PBXFileReference; lastKnownFileType = sourcecode.swift; path = EnumStringLocalizable.swift; sourceTree = "<group>"; };
		633851C02973C4F5000A079E /* Localizables.strings */ = {isa = PBXFileReference; lastKnownFileType = text.plist.strings; path = Localizables.strings; sourceTree = "<group>"; };
		633851C32973C541000A079E /* AppGeneralErrorStrings.swift */ = {isa = PBXFileReference; lastKnownFileType = sourcecode.swift; path = AppGeneralErrorStrings.swift; sourceTree = "<group>"; };
		633851C82973C758000A079E /* CatsPrincipalLandingConstants.swift */ = {isa = PBXFileReference; lastKnownFileType = sourcecode.swift; path = CatsPrincipalLandingConstants.swift; sourceTree = "<group>"; };
		633851CA2973C84C000A079E /* UIColor+Extensions.swift */ = {isa = PBXFileReference; lastKnownFileType = sourcecode.swift; path = "UIColor+Extensions.swift"; sourceTree = "<group>"; };
		633851CC2973CA73000A079E /* CatsPrincipalLandingStrings.swift */ = {isa = PBXFileReference; lastKnownFileType = sourcecode.swift; path = CatsPrincipalLandingStrings.swift; sourceTree = "<group>"; };
		633851CE2973D64C000A079E /* CatsPrincipalLandingProtocols.swift */ = {isa = PBXFileReference; lastKnownFileType = sourcecode.swift; path = CatsPrincipalLandingProtocols.swift; sourceTree = "<group>"; };
		633851D02973E092000A079E /* LoadingViewControllerConstants.swift */ = {isa = PBXFileReference; lastKnownFileType = sourcecode.swift; path = LoadingViewControllerConstants.swift; sourceTree = "<group>"; };
		633851D22973E1D9000A079E /* CatPreviewCollectionViewCellConstants.swift */ = {isa = PBXFileReference; lastKnownFileType = sourcecode.swift; path = CatPreviewCollectionViewCellConstants.swift; sourceTree = "<group>"; };
		633851D52973E607000A079E /* CatsDetailScreenViewConstants.swift */ = {isa = PBXFileReference; lastKnownFileType = sourcecode.swift; path = CatsDetailScreenViewConstants.swift; sourceTree = "<group>"; };
		633851D92973F79C000A079E /* CatsDetailScreenViewStrings.swift */ = {isa = PBXFileReference; lastKnownFileType = sourcecode.swift; path = CatsDetailScreenViewStrings.swift; sourceTree = "<group>"; };
		633851DB2973F861000A079E /* CatsDetailScreenProtocols.swift */ = {isa = PBXFileReference; lastKnownFileType = sourcecode.swift; path = CatsDetailScreenProtocols.swift; sourceTree = "<group>"; };
		633851DD2973F887000A079E /* CatsDetailScreenRouter.swift */ = {isa = PBXFileReference; lastKnownFileType = sourcecode.swift; path = CatsDetailScreenRouter.swift; sourceTree = "<group>"; };
		633851E129743D3D000A079E /* TagsListHorizontalView.swift */ = {isa = PBXFileReference; lastKnownFileType = sourcecode.swift; path = TagsListHorizontalView.swift; sourceTree = "<group>"; };
		633851E329744055000A079E /* UIViewController+Extensions.swift */ = {isa = PBXFileReference; lastKnownFileType = sourcecode.swift; path = "UIViewController+Extensions.swift"; sourceTree = "<group>"; };
		633851E6297444BB000A079E /* TagsListCollectionViewCell.swift */ = {isa = PBXFileReference; lastKnownFileType = sourcecode.swift; path = TagsListCollectionViewCell.swift; sourceTree = "<group>"; };
		633851EA29744D44000A079E /* TagsListHorizontalViewModel.swift */ = {isa = PBXFileReference; lastKnownFileType = sourcecode.swift; path = TagsListHorizontalViewModel.swift; sourceTree = "<group>"; };
		63923CEA2974F4C8001792C6 /* TagsListCollectionViewCellConstants.swift */ = {isa = PBXFileReference; lastKnownFileType = sourcecode.swift; path = TagsListCollectionViewCellConstants.swift; sourceTree = "<group>"; };
		63923CED2974F820001792C6 /* TagsListHorizontalViewConstants.swift */ = {isa = PBXFileReference; lastKnownFileType = sourcecode.swift; path = TagsListHorizontalViewConstants.swift; sourceTree = "<group>"; };
		63923CEF2974F930001792C6 /* TagsListHorizontalViewStrings.swift */ = {isa = PBXFileReference; lastKnownFileType = sourcecode.swift; path = TagsListHorizontalViewStrings.swift; sourceTree = "<group>"; };
/* End PBXFileReference section */

/* Begin PBXFrameworksBuildPhase section */
		6309BECD297110C600AA6DDF /* Frameworks */ = {
			isa = PBXFrameworksBuildPhase;
			buildActionMask = 2147483647;
			files = (
				6309BF1A297153FF00AA6DDF /* GenericNetworkingLayer in Frameworks */,
				6309BF4C29729BFA00AA6DDF /* Lottie in Frameworks */,
			);
			runOnlyForDeploymentPostprocessing = 0;
		};
		6309BEE3297110C700AA6DDF /* Frameworks */ = {
			isa = PBXFrameworksBuildPhase;
			buildActionMask = 2147483647;
			files = (
			);
			runOnlyForDeploymentPostprocessing = 0;
		};
		6309BEED297110C700AA6DDF /* Frameworks */ = {
			isa = PBXFrameworksBuildPhase;
			buildActionMask = 2147483647;
			files = (
			);
			runOnlyForDeploymentPostprocessing = 0;
		};
/* End PBXFrameworksBuildPhase section */

/* Begin PBXGroup section */
		6309BEC7297110C600AA6DDF = {
			isa = PBXGroup;
			children = (
				6309BED2297110C600AA6DDF /* ChallenguePlatziUIKit */,
				6309BEE9297110C700AA6DDF /* ChallenguePlatziUIKitTests */,
				6309BEF3297110C700AA6DDF /* ChallenguePlatziUIKitUITests */,
				6309BED1297110C600AA6DDF /* Products */,
			);
			sourceTree = "<group>";
		};
		6309BED1297110C600AA6DDF /* Products */ = {
			isa = PBXGroup;
			children = (
				6309BED0297110C600AA6DDF /* ChallenguePlatziUIKit.app */,
				6309BEE6297110C700AA6DDF /* ChallenguePlatziUIKitTests.xctest */,
				6309BEF0297110C700AA6DDF /* ChallenguePlatziUIKitUITests.xctest */,
			);
			name = Products;
			sourceTree = "<group>";
		};
		6309BED2297110C600AA6DDF /* ChallenguePlatziUIKit */ = {
			isa = PBXGroup;
			children = (
				633851BC2973C49B000A079E /* Localizables */,
				6309BF28297267B600AA6DDF /* Managers */,
				6309BF0F2971371800AA6DDF /* Extensions */,
				6309BF1F297154E100AA6DDF /* Services */,
				6309BF4629729B5700AA6DDF /* UI */,
				6309BF052971121000AA6DDF /* Modules */,
				6309BF04297111ED00AA6DDF /* Resources */,
				6309BF03297111CE00AA6DDF /* SupportingFiles */,
			);
			path = ChallenguePlatziUIKit;
			sourceTree = "<group>";
		};
		6309BEE9297110C700AA6DDF /* ChallenguePlatziUIKitTests */ = {
			isa = PBXGroup;
			children = (
				6309BEEA297110C700AA6DDF /* ChallenguePlatziUIKitTests.swift */,
			);
			path = ChallenguePlatziUIKitTests;
			sourceTree = "<group>";
		};
		6309BEF3297110C700AA6DDF /* ChallenguePlatziUIKitUITests */ = {
			isa = PBXGroup;
			children = (
				6309BEF4297110C700AA6DDF /* ChallenguePlatziUIKitUITests.swift */,
				6309BEF6297110C700AA6DDF /* ChallenguePlatziUIKitUITestsLaunchTests.swift */,
			);
			path = ChallenguePlatziUIKitUITests;
			sourceTree = "<group>";
		};
		6309BF03297111CE00AA6DDF /* SupportingFiles */ = {
			isa = PBXGroup;
			children = (
				6309BF4329727AC600AA6DDF /* Constants */,
				6309BED5297110C600AA6DDF /* SceneDelegate.swift */,
				6309BED3297110C600AA6DDF /* AppDelegate.swift */,
			);
			path = SupportingFiles;
			sourceTree = "<group>";
		};
		6309BF04297111ED00AA6DDF /* Resources */ = {
			isa = PBXGroup;
			children = (
				633851BF2973C4E3000A079E /* Strings */,
				6309BF572972A04400AA6DDF /* Lotties */,
				6309BEE1297110C700AA6DDF /* Info.plist */,
				6309BEDC297110C700AA6DDF /* Assets.xcassets */,
				6309BEDE297110C700AA6DDF /* LaunchScreen.storyboard */,
			);
			path = Resources;
			sourceTree = "<group>";
		};
		6309BF052971121000AA6DDF /* Modules */ = {
			isa = PBXGroup;
			children = (
				633851DF29743CF0000A079E /* TagsController */,
				6309BF4D29729C9400AA6DDF /* Common */,
				6309BF3429726ECB00AA6DDF /* DetailScreen */,
				6309BF0629712FB100AA6DDF /* PrincipalLanding */,
			);
			path = Modules;
			sourceTree = "<group>";
		};
		6309BF0629712FB100AA6DDF /* PrincipalLanding */ = {
			isa = PBXGroup;
			children = (
				633851C52973C72C000A079E /* Protocols */,
				6309BF392972715B00AA6DDF /* Router */,
				6309BF1C2971546A00AA6DDF /* ApiManager */,
				6309BF1B2971546000AA6DDF /* Repository */,
				6309BF132971400900AA6DDF /* ViewModel */,
				6309BF122971400100AA6DDF /* Model */,
				6309BF0C297136EC00AA6DDF /* Cells */,
				6309BF0729712FBC00AA6DDF /* View */,
			);
			path = PrincipalLanding;
			sourceTree = "<group>";
		};
		6309BF0729712FBC00AA6DDF /* View */ = {
			isa = PBXGroup;
			children = (
				6309BF0829712FED00AA6DDF /* CatsPrincipalLandingView.swift */,
			);
			path = View;
			sourceTree = "<group>";
		};
		6309BF0C297136EC00AA6DDF /* Cells */ = {
			isa = PBXGroup;
			children = (
				6309BF0D2971370D00AA6DDF /* CatPreviewCollectionViewCell.swift */,
				633851D22973E1D9000A079E /* CatPreviewCollectionViewCellConstants.swift */,
			);
			path = Cells;
			sourceTree = "<group>";
		};
		6309BF0F2971371800AA6DDF /* Extensions */ = {
			isa = PBXGroup;
			children = (
				6309BF102971372800AA6DDF /* UICollectionViewCell+Extensions.swift */,
				633851CA2973C84C000A079E /* UIColor+Extensions.swift */,
				633851E329744055000A079E /* UIViewController+Extensions.swift */,
			);
			path = Extensions;
			sourceTree = "<group>";
		};
		6309BF122971400100AA6DDF /* Model */ = {
			isa = PBXGroup;
			children = (
				633851C72973C746000A079E /* Constants */,
				633851C62973C741000A079E /* Strings */,
				6309BF1629714C4B00AA6DDF /* CatPreviewMainItem.swift */,
			);
			path = Model;
			sourceTree = "<group>";
		};
		6309BF132971400900AA6DDF /* ViewModel */ = {
			isa = PBXGroup;
			children = (
				6309BF142971401B00AA6DDF /* CatsPrincipalLandingViewModel.swift */,
			);
			path = ViewModel;
			sourceTree = "<group>";
		};
		6309BF1B2971546000AA6DDF /* Repository */ = {
			isa = PBXGroup;
			children = (
				6309BF262971580100AA6DDF /* CatsPrincipalLandingRepository.swift */,
			);
			path = Repository;
			sourceTree = "<group>";
		};
		6309BF1C2971546A00AA6DDF /* ApiManager */ = {
			isa = PBXGroup;
			children = (
				6309BF1D297154AE00AA6DDF /* CatsPrincipalLandingApiDataManager.swift */,
			);
			path = ApiManager;
			sourceTree = "<group>";
		};
		6309BF1F297154E100AA6DDF /* Services */ = {
			isa = PBXGroup;
			children = (
				6309BF212971551200AA6DDF /* Requests */,
				6309BF202971550B00AA6DDF /* GetCatsService */,
			);
			path = Services;
			sourceTree = "<group>";
		};
		6309BF202971550B00AA6DDF /* GetCatsService */ = {
			isa = PBXGroup;
			children = (
				6309BF24297157A200AA6DDF /* GetCatsServiceResponseDBO.swift */,
			);
			path = GetCatsService;
			sourceTree = "<group>";
		};
		6309BF212971551200AA6DDF /* Requests */ = {
			isa = PBXGroup;
			children = (
				6309BF222971552B00AA6DDF /* GetCatsMainRequest.swift */,
			);
			path = Requests;
			sourceTree = "<group>";
		};
		6309BF28297267B600AA6DDF /* Managers */ = {
			isa = PBXGroup;
			children = (
				6309BF292972689F00AA6DDF /* Image */,
				6309BF2D2972689F00AA6DDF /* InternetChecker */,
			);
			path = Managers;
			sourceTree = "<group>";
		};
		6309BF292972689F00AA6DDF /* Image */ = {
			isa = PBXGroup;
			children = (
				6309BF2A2972689F00AA6DDF /* ImageRemoteDataSourceProtocol.swift */,
				6309BF2B2972689F00AA6DDF /* ImageDownload */,
			);
			path = Image;
			sourceTree = "<group>";
		};
		6309BF2B2972689F00AA6DDF /* ImageDownload */ = {
			isa = PBXGroup;
			children = (
				6309BF2C2972689F00AA6DDF /* ImageDownloaderManager.swift */,
			);
			path = ImageDownload;
			sourceTree = "<group>";
		};
		6309BF2D2972689F00AA6DDF /* InternetChecker */ = {
			isa = PBXGroup;
			children = (
				6309BF2E2972689F00AA6DDF /* InternetConnectionCheckeable.swift */,
				6309BF2F2972689F00AA6DDF /* InternetConnectionCheckerManager.swift */,
			);
			path = InternetChecker;
			sourceTree = "<group>";
		};
		6309BF3429726ECB00AA6DDF /* DetailScreen */ = {
			isa = PBXGroup;
			children = (
				633851D82973F785000A079E /* Router */,
				633851D72973F77B000A079E /* Protocols */,
				633851D42973E5F7000A079E /* Model */,
				6309BF40297277E100AA6DDF /* Repository */,
				6309BF3F297274F800AA6DDF /* ViewModel */,
				6309BF3C297274E700AA6DDF /* View */,
			);
			path = DetailScreen;
			sourceTree = "<group>";
		};
		6309BF392972715B00AA6DDF /* Router */ = {
			isa = PBXGroup;
			children = (
				6309BF3A2972717500AA6DDF /* CatsPrincipalLandingRouter.swift */,
			);
			path = Router;
			sourceTree = "<group>";
		};
		6309BF3C297274E700AA6DDF /* View */ = {
			isa = PBXGroup;
			children = (
				6309BF3729726F0200AA6DDF /* CatsDetailScreenView.swift */,
			);
			path = View;
			sourceTree = "<group>";
		};
		6309BF3F297274F800AA6DDF /* ViewModel */ = {
			isa = PBXGroup;
			children = (
				6309BF3D297274F400AA6DDF /* CatsDetailScreenViewModel.swift */,
			);
			path = ViewModel;
			sourceTree = "<group>";
		};
		6309BF40297277E100AA6DDF /* Repository */ = {
			isa = PBXGroup;
			children = (
				6309BF41297277F700AA6DDF /* CatsDetailScreenRepository.swift */,
			);
			path = Repository;
			sourceTree = "<group>";
		};
		6309BF4329727AC600AA6DDF /* Constants */ = {
			isa = PBXGroup;
			children = (
				6309BF4429727AE300AA6DDF /* AppGeneralConstants.swift */,
			);
			path = Constants;
			sourceTree = "<group>";
		};
		6309BF4629729B5700AA6DDF /* UI */ = {
			isa = PBXGroup;
			children = (
				633851B92973BB86000A079E /* AlertViewManager */,
				6309BF4729729B5C00AA6DDF /* Views */,
			);
			path = UI;
			sourceTree = "<group>";
		};
		6309BF4729729B5C00AA6DDF /* Views */ = {
			isa = PBXGroup;
			children = (
				6309BF4E29729CA100AA6DDF /* LottiePlayerView */,
			);
			path = Views;
			sourceTree = "<group>";
		};
		6309BF4D29729C9400AA6DDF /* Common */ = {
			isa = PBXGroup;
			children = (
				6309BF5429729E6800AA6DDF /* Protocol */,
				6309BF5129729D4400AA6DDF /* LoadingViewController */,
			);
			path = Common;
			sourceTree = "<group>";
		};
		6309BF4E29729CA100AA6DDF /* LottiePlayerView */ = {
			isa = PBXGroup;
			children = (
				6309BF4829729B9900AA6DDF /* LottiePlayerView.swift */,
				6309BF4F29729CFE00AA6DDF /* LottiePlayerViewConstants.swift */,
			);
			path = LottiePlayerView;
			sourceTree = "<group>";
		};
		6309BF5129729D4400AA6DDF /* LoadingViewController */ = {
			isa = PBXGroup;
			children = (
				6309BF5229729DB000AA6DDF /* LoadingViewController.swift */,
				633851D02973E092000A079E /* LoadingViewControllerConstants.swift */,
			);
			path = LoadingViewController;
			sourceTree = "<group>";
		};
		6309BF5429729E6800AA6DDF /* Protocol */ = {
			isa = PBXGroup;
			children = (
				6309BF5529729E7500AA6DDF /* LoadableViewController.swift */,
			);
			path = Protocol;
			sourceTree = "<group>";
		};
		6309BF572972A04400AA6DDF /* Lotties */ = {
			isa = PBXGroup;
			children = (
				6309BF5C2972A54E00AA6DDF /* loadingLottieCat.json */,
			);
			path = Lotties;
			sourceTree = "<group>";
		};
		633851B92973BB86000A079E /* AlertViewManager */ = {
			isa = PBXGroup;
			children = (
				633851BA2973BBA9000A079E /* AlertViewManager.swift */,
			);
			path = AlertViewManager;
			sourceTree = "<group>";
		};
		633851BC2973C49B000A079E /* Localizables */ = {
			isa = PBXGroup;
			children = (
				633851C22973C4FA000A079E /* Common */,
				633851BD2973C4C4000A079E /* EnumStringLocalizable.swift */,
			);
			path = Localizables;
			sourceTree = "<group>";
		};
		633851BF2973C4E3000A079E /* Strings */ = {
			isa = PBXGroup;
			children = (
				633851C02973C4F5000A079E /* Localizables.strings */,
			);
			path = Strings;
			sourceTree = "<group>";
		};
		633851C22973C4FA000A079E /* Common */ = {
			isa = PBXGroup;
			children = (
				633851C32973C541000A079E /* AppGeneralErrorStrings.swift */,
			);
			path = Common;
			sourceTree = "<group>";
		};
		633851C52973C72C000A079E /* Protocols */ = {
			isa = PBXGroup;
			children = (
				633851CE2973D64C000A079E /* CatsPrincipalLandingProtocols.swift */,
			);
			path = Protocols;
			sourceTree = "<group>";
		};
		633851C62973C741000A079E /* Strings */ = {
			isa = PBXGroup;
			children = (
				633851CC2973CA73000A079E /* CatsPrincipalLandingStrings.swift */,
			);
			path = Strings;
			sourceTree = "<group>";
		};
		633851C72973C746000A079E /* Constants */ = {
			isa = PBXGroup;
			children = (
				633851C82973C758000A079E /* CatsPrincipalLandingConstants.swift */,
			);
			path = Constants;
			sourceTree = "<group>";
		};
		633851D42973E5F7000A079E /* Model */ = {
			isa = PBXGroup;
			children = (
				633851D52973E607000A079E /* CatsDetailScreenViewConstants.swift */,
				633851D92973F79C000A079E /* CatsDetailScreenViewStrings.swift */,
			);
			path = Model;
			sourceTree = "<group>";
		};
		633851D72973F77B000A079E /* Protocols */ = {
			isa = PBXGroup;
			children = (
				633851DB2973F861000A079E /* CatsDetailScreenProtocols.swift */,
			);
			path = Protocols;
			sourceTree = "<group>";
		};
		633851D82973F785000A079E /* Router */ = {
			isa = PBXGroup;
			children = (
				633851DD2973F887000A079E /* CatsDetailScreenRouter.swift */,
			);
			path = Router;
			sourceTree = "<group>";
		};
		633851DF29743CF0000A079E /* TagsController */ = {
			isa = PBXGroup;
			children = (
				63923CEC2974F80C001792C6 /* Model */,
				633851E029743D0E000A079E /* View */,
				633851E829744BF3000A079E /* ViewModel */,
				633851E529744439000A079E /* Cell */,
			);
			path = TagsController;
			sourceTree = "<group>";
		};
		633851E029743D0E000A079E /* View */ = {
			isa = PBXGroup;
			children = (
				633851E129743D3D000A079E /* TagsListHorizontalView.swift */,
			);
			path = View;
			sourceTree = "<group>";
		};
		633851E529744439000A079E /* Cell */ = {
			isa = PBXGroup;
			children = (
				633851E6297444BB000A079E /* TagsListCollectionViewCell.swift */,
				63923CEA2974F4C8001792C6 /* TagsListCollectionViewCellConstants.swift */,
			);
			path = Cell;
			sourceTree = "<group>";
		};
		633851E829744BF3000A079E /* ViewModel */ = {
			isa = PBXGroup;
			children = (
				633851EA29744D44000A079E /* TagsListHorizontalViewModel.swift */,
			);
			path = ViewModel;
			sourceTree = "<group>";
		};
		63923CEC2974F80C001792C6 /* Model */ = {
			isa = PBXGroup;
			children = (
				63923CED2974F820001792C6 /* TagsListHorizontalViewConstants.swift */,
				63923CEF2974F930001792C6 /* TagsListHorizontalViewStrings.swift */,
			);
			path = Model;
			sourceTree = "<group>";
		};
/* End PBXGroup section */

/* Begin PBXNativeTarget section */
		6309BECF297110C600AA6DDF /* ChallenguePlatziUIKit */ = {
			isa = PBXNativeTarget;
			buildConfigurationList = 6309BEFA297110C700AA6DDF /* Build configuration list for PBXNativeTarget "ChallenguePlatziUIKit" */;
			buildPhases = (
				6309BECC297110C600AA6DDF /* Sources */,
				6309BECD297110C600AA6DDF /* Frameworks */,
				6309BECE297110C600AA6DDF /* Resources */,
			);
			buildRules = (
			);
			dependencies = (
			);
			name = ChallenguePlatziUIKit;
			packageProductDependencies = (
				6309BF19297153FF00AA6DDF /* GenericNetworkingLayer */,
				6309BF4B29729BFA00AA6DDF /* Lottie */,
			);
			productName = ChallenguePlatziUIKit;
			productReference = 6309BED0297110C600AA6DDF /* ChallenguePlatziUIKit.app */;
			productType = "com.apple.product-type.application";
		};
		6309BEE5297110C700AA6DDF /* ChallenguePlatziUIKitTests */ = {
			isa = PBXNativeTarget;
			buildConfigurationList = 6309BEFD297110C700AA6DDF /* Build configuration list for PBXNativeTarget "ChallenguePlatziUIKitTests" */;
			buildPhases = (
				6309BEE2297110C700AA6DDF /* Sources */,
				6309BEE3297110C700AA6DDF /* Frameworks */,
				6309BEE4297110C700AA6DDF /* Resources */,
			);
			buildRules = (
			);
			dependencies = (
				6309BEE8297110C700AA6DDF /* PBXTargetDependency */,
			);
			name = ChallenguePlatziUIKitTests;
			productName = ChallenguePlatziUIKitTests;
			productReference = 6309BEE6297110C700AA6DDF /* ChallenguePlatziUIKitTests.xctest */;
			productType = "com.apple.product-type.bundle.unit-test";
		};
		6309BEEF297110C700AA6DDF /* ChallenguePlatziUIKitUITests */ = {
			isa = PBXNativeTarget;
			buildConfigurationList = 6309BF00297110C700AA6DDF /* Build configuration list for PBXNativeTarget "ChallenguePlatziUIKitUITests" */;
			buildPhases = (
				6309BEEC297110C700AA6DDF /* Sources */,
				6309BEED297110C700AA6DDF /* Frameworks */,
				6309BEEE297110C700AA6DDF /* Resources */,
			);
			buildRules = (
			);
			dependencies = (
				6309BEF2297110C700AA6DDF /* PBXTargetDependency */,
			);
			name = ChallenguePlatziUIKitUITests;
			productName = ChallenguePlatziUIKitUITests;
			productReference = 6309BEF0297110C700AA6DDF /* ChallenguePlatziUIKitUITests.xctest */;
			productType = "com.apple.product-type.bundle.ui-testing";
		};
/* End PBXNativeTarget section */

/* Begin PBXProject section */
		6309BEC8297110C600AA6DDF /* Project object */ = {
			isa = PBXProject;
			attributes = {
				BuildIndependentTargetsInParallel = 1;
				LastSwiftUpdateCheck = 1420;
				LastUpgradeCheck = 1420;
				TargetAttributes = {
					6309BECF297110C600AA6DDF = {
						CreatedOnToolsVersion = 14.2;
					};
					6309BEE5297110C700AA6DDF = {
						CreatedOnToolsVersion = 14.2;
						TestTargetID = 6309BECF297110C600AA6DDF;
					};
					6309BEEF297110C700AA6DDF = {
						CreatedOnToolsVersion = 14.2;
						TestTargetID = 6309BECF297110C600AA6DDF;
					};
				};
			};
			buildConfigurationList = 6309BECB297110C600AA6DDF /* Build configuration list for PBXProject "ChallenguePlatziUIKit" */;
			compatibilityVersion = "Xcode 13.0";
			developmentRegion = en;
			hasScannedForEncodings = 0;
			knownRegions = (
				en,
				Base,
			);
			mainGroup = 6309BEC7297110C600AA6DDF;
			packageReferences = (
				6309BF18297153FF00AA6DDF /* XCRemoteSwiftPackageReference "GenericWebServicesLayer" */,
				6309BF4A29729BFA00AA6DDF /* XCRemoteSwiftPackageReference "lottie-ios" */,
			);
			productRefGroup = 6309BED1297110C600AA6DDF /* Products */;
			projectDirPath = "";
			projectRoot = "";
			targets = (
				6309BECF297110C600AA6DDF /* ChallenguePlatziUIKit */,
				6309BEE5297110C700AA6DDF /* ChallenguePlatziUIKitTests */,
				6309BEEF297110C700AA6DDF /* ChallenguePlatziUIKitUITests */,
			);
		};
/* End PBXProject section */

/* Begin PBXResourcesBuildPhase section */
		6309BECE297110C600AA6DDF /* Resources */ = {
			isa = PBXResourcesBuildPhase;
			buildActionMask = 2147483647;
			files = (
				6309BEE0297110C700AA6DDF /* LaunchScreen.storyboard in Resources */,
				633851C12973C4F5000A079E /* Localizables.strings in Resources */,
				6309BEDD297110C700AA6DDF /* Assets.xcassets in Resources */,
				6309BF5D2972A54E00AA6DDF /* loadingLottieCat.json in Resources */,
			);
			runOnlyForDeploymentPostprocessing = 0;
		};
		6309BEE4297110C700AA6DDF /* Resources */ = {
			isa = PBXResourcesBuildPhase;
			buildActionMask = 2147483647;
			files = (
			);
			runOnlyForDeploymentPostprocessing = 0;
		};
		6309BEEE297110C700AA6DDF /* Resources */ = {
			isa = PBXResourcesBuildPhase;
			buildActionMask = 2147483647;
			files = (
			);
			runOnlyForDeploymentPostprocessing = 0;
		};
/* End PBXResourcesBuildPhase section */

/* Begin PBXSourcesBuildPhase section */
		6309BECC297110C600AA6DDF /* Sources */ = {
			isa = PBXSourcesBuildPhase;
			buildActionMask = 2147483647;
			files = (
				6309BF4529727AE300AA6DDF /* AppGeneralConstants.swift in Sources */,
				633851C92973C758000A079E /* CatsPrincipalLandingConstants.swift in Sources */,
				633851CD2973CA73000A079E /* CatsPrincipalLandingStrings.swift in Sources */,
				6309BF152971401B00AA6DDF /* CatsPrincipalLandingViewModel.swift in Sources */,
				6309BF5629729E7500AA6DDF /* LoadableViewController.swift in Sources */,
				6309BF232971552B00AA6DDF /* GetCatsMainRequest.swift in Sources */,
				6309BED4297110C600AA6DDF /* AppDelegate.swift in Sources */,
				633851CB2973C84C000A079E /* UIColor+Extensions.swift in Sources */,
				6309BF4929729B9900AA6DDF /* LottiePlayerView.swift in Sources */,
				6309BF0929712FED00AA6DDF /* CatsPrincipalLandingView.swift in Sources */,
				633851BB2973BBA9000A079E /* AlertViewManager.swift in Sources */,
				63923CEE2974F820001792C6 /* TagsListHorizontalViewConstants.swift in Sources */,
				63923CF02974F930001792C6 /* TagsListHorizontalViewStrings.swift in Sources */,
				633851BE2973C4C4000A079E /* EnumStringLocalizable.swift in Sources */,
				633851D62973E607000A079E /* CatsDetailScreenViewConstants.swift in Sources */,
				6309BF25297157A200AA6DDF /* GetCatsServiceResponseDBO.swift in Sources */,
				6309BF112971372800AA6DDF /* UICollectionViewCell+Extensions.swift in Sources */,
				6309BF3E297274F400AA6DDF /* CatsDetailScreenViewModel.swift in Sources */,
				6309BF332972689F00AA6DDF /* InternetConnectionCheckerManager.swift in Sources */,
				6309BF5029729CFE00AA6DDF /* LottiePlayerViewConstants.swift in Sources */,
				633851E7297444BB000A079E /* TagsListCollectionViewCell.swift in Sources */,
				63923CEB2974F4C8001792C6 /* TagsListCollectionViewCellConstants.swift in Sources */,
				6309BF302972689F00AA6DDF /* ImageRemoteDataSourceProtocol.swift in Sources */,
				6309BF1E297154AE00AA6DDF /* CatsPrincipalLandingApiDataManager.swift in Sources */,
				6309BF0E2971370D00AA6DDF /* CatPreviewCollectionViewCell.swift in Sources */,
				633851D32973E1DA000A079E /* CatPreviewCollectionViewCellConstants.swift in Sources */,
				633851DA2973F79C000A079E /* CatsDetailScreenViewStrings.swift in Sources */,
				6309BF42297277F700AA6DDF /* CatsDetailScreenRepository.swift in Sources */,
				6309BF312972689F00AA6DDF /* ImageDownloaderManager.swift in Sources */,
				633851DC2973F861000A079E /* CatsDetailScreenProtocols.swift in Sources */,
				6309BF1729714C4B00AA6DDF /* CatPreviewMainItem.swift in Sources */,
				633851CF2973D64C000A079E /* CatsPrincipalLandingProtocols.swift in Sources */,
				633851E429744055000A079E /* UIViewController+Extensions.swift in Sources */,
				6309BF3B2972717500AA6DDF /* CatsPrincipalLandingRouter.swift in Sources */,
				633851C42973C541000A079E /* AppGeneralErrorStrings.swift in Sources */,
				633851D12973E092000A079E /* LoadingViewControllerConstants.swift in Sources */,
				6309BF5329729DB000AA6DDF /* LoadingViewController.swift in Sources */,
				6309BF322972689F00AA6DDF /* InternetConnectionCheckeable.swift in Sources */,
				6309BED6297110C600AA6DDF /* SceneDelegate.swift in Sources */,
				633851EB29744D44000A079E /* TagsListHorizontalViewModel.swift in Sources */,
				633851DE2973F887000A079E /* CatsDetailScreenRouter.swift in Sources */,
				633851E229743D3D000A079E /* TagsListHorizontalView.swift in Sources */,
				6309BF3829726F0200AA6DDF /* CatsDetailScreenView.swift in Sources */,
				6309BF272971580100AA6DDF /* CatsPrincipalLandingRepository.swift in Sources */,
			);
			runOnlyForDeploymentPostprocessing = 0;
		};
		6309BEE2297110C700AA6DDF /* Sources */ = {
			isa = PBXSourcesBuildPhase;
			buildActionMask = 2147483647;
			files = (
				6309BEEB297110C700AA6DDF /* ChallenguePlatziUIKitTests.swift in Sources */,
			);
			runOnlyForDeploymentPostprocessing = 0;
		};
		6309BEEC297110C700AA6DDF /* Sources */ = {
			isa = PBXSourcesBuildPhase;
			buildActionMask = 2147483647;
			files = (
				6309BEF5297110C700AA6DDF /* ChallenguePlatziUIKitUITests.swift in Sources */,
				6309BEF7297110C700AA6DDF /* ChallenguePlatziUIKitUITestsLaunchTests.swift in Sources */,
			);
			runOnlyForDeploymentPostprocessing = 0;
		};
/* End PBXSourcesBuildPhase section */

/* Begin PBXTargetDependency section */
		6309BEE8297110C700AA6DDF /* PBXTargetDependency */ = {
			isa = PBXTargetDependency;
			target = 6309BECF297110C600AA6DDF /* ChallenguePlatziUIKit */;
			targetProxy = 6309BEE7297110C700AA6DDF /* PBXContainerItemProxy */;
		};
		6309BEF2297110C700AA6DDF /* PBXTargetDependency */ = {
			isa = PBXTargetDependency;
			target = 6309BECF297110C600AA6DDF /* ChallenguePlatziUIKit */;
			targetProxy = 6309BEF1297110C700AA6DDF /* PBXContainerItemProxy */;
		};
/* End PBXTargetDependency section */

/* Begin PBXVariantGroup section */
		6309BEDE297110C700AA6DDF /* LaunchScreen.storyboard */ = {
			isa = PBXVariantGroup;
			children = (
				6309BEDF297110C700AA6DDF /* Base */,
			);
			name = LaunchScreen.storyboard;
			sourceTree = "<group>";
		};
/* End PBXVariantGroup section */

/* Begin XCBuildConfiguration section */
		6309BEF8297110C700AA6DDF /* Debug */ = {
			isa = XCBuildConfiguration;
			buildSettings = {
				ALWAYS_SEARCH_USER_PATHS = NO;
				CLANG_ANALYZER_NONNULL = YES;
				CLANG_ANALYZER_NUMBER_OBJECT_CONVERSION = YES_AGGRESSIVE;
				CLANG_CXX_LANGUAGE_STANDARD = "gnu++20";
				CLANG_ENABLE_MODULES = YES;
				CLANG_ENABLE_OBJC_ARC = YES;
				CLANG_ENABLE_OBJC_WEAK = YES;
				CLANG_WARN_BLOCK_CAPTURE_AUTORELEASING = YES;
				CLANG_WARN_BOOL_CONVERSION = YES;
				CLANG_WARN_COMMA = YES;
				CLANG_WARN_CONSTANT_CONVERSION = YES;
				CLANG_WARN_DEPRECATED_OBJC_IMPLEMENTATIONS = YES;
				CLANG_WARN_DIRECT_OBJC_ISA_USAGE = YES_ERROR;
				CLANG_WARN_DOCUMENTATION_COMMENTS = YES;
				CLANG_WARN_EMPTY_BODY = YES;
				CLANG_WARN_ENUM_CONVERSION = YES;
				CLANG_WARN_INFINITE_RECURSION = YES;
				CLANG_WARN_INT_CONVERSION = YES;
				CLANG_WARN_NON_LITERAL_NULL_CONVERSION = YES;
				CLANG_WARN_OBJC_IMPLICIT_RETAIN_SELF = YES;
				CLANG_WARN_OBJC_LITERAL_CONVERSION = YES;
				CLANG_WARN_OBJC_ROOT_CLASS = YES_ERROR;
				CLANG_WARN_QUOTED_INCLUDE_IN_FRAMEWORK_HEADER = YES;
				CLANG_WARN_RANGE_LOOP_ANALYSIS = YES;
				CLANG_WARN_STRICT_PROTOTYPES = YES;
				CLANG_WARN_SUSPICIOUS_MOVE = YES;
				CLANG_WARN_UNGUARDED_AVAILABILITY = YES_AGGRESSIVE;
				CLANG_WARN_UNREACHABLE_CODE = YES;
				CLANG_WARN__DUPLICATE_METHOD_MATCH = YES;
				COPY_PHASE_STRIP = NO;
				DEBUG_INFORMATION_FORMAT = dwarf;
				ENABLE_STRICT_OBJC_MSGSEND = YES;
				ENABLE_TESTABILITY = YES;
				GCC_C_LANGUAGE_STANDARD = gnu11;
				GCC_DYNAMIC_NO_PIC = NO;
				GCC_NO_COMMON_BLOCKS = YES;
				GCC_OPTIMIZATION_LEVEL = 0;
				GCC_PREPROCESSOR_DEFINITIONS = (
					"DEBUG=1",
					"$(inherited)",
				);
				GCC_WARN_64_TO_32_BIT_CONVERSION = YES;
				GCC_WARN_ABOUT_RETURN_TYPE = YES_ERROR;
				GCC_WARN_UNDECLARED_SELECTOR = YES;
				GCC_WARN_UNINITIALIZED_AUTOS = YES_AGGRESSIVE;
				GCC_WARN_UNUSED_FUNCTION = YES;
				GCC_WARN_UNUSED_VARIABLE = YES;
				IPHONEOS_DEPLOYMENT_TARGET = 14.0;
				MTL_ENABLE_DEBUG_INFO = INCLUDE_SOURCE;
				MTL_FAST_MATH = YES;
				ONLY_ACTIVE_ARCH = YES;
				SDKROOT = iphoneos;
				SWIFT_ACTIVE_COMPILATION_CONDITIONS = DEBUG;
				SWIFT_OPTIMIZATION_LEVEL = "-Onone";
			};
			name = Debug;
		};
		6309BEF9297110C700AA6DDF /* Release */ = {
			isa = XCBuildConfiguration;
			buildSettings = {
				ALWAYS_SEARCH_USER_PATHS = NO;
				CLANG_ANALYZER_NONNULL = YES;
				CLANG_ANALYZER_NUMBER_OBJECT_CONVERSION = YES_AGGRESSIVE;
				CLANG_CXX_LANGUAGE_STANDARD = "gnu++20";
				CLANG_ENABLE_MODULES = YES;
				CLANG_ENABLE_OBJC_ARC = YES;
				CLANG_ENABLE_OBJC_WEAK = YES;
				CLANG_WARN_BLOCK_CAPTURE_AUTORELEASING = YES;
				CLANG_WARN_BOOL_CONVERSION = YES;
				CLANG_WARN_COMMA = YES;
				CLANG_WARN_CONSTANT_CONVERSION = YES;
				CLANG_WARN_DEPRECATED_OBJC_IMPLEMENTATIONS = YES;
				CLANG_WARN_DIRECT_OBJC_ISA_USAGE = YES_ERROR;
				CLANG_WARN_DOCUMENTATION_COMMENTS = YES;
				CLANG_WARN_EMPTY_BODY = YES;
				CLANG_WARN_ENUM_CONVERSION = YES;
				CLANG_WARN_INFINITE_RECURSION = YES;
				CLANG_WARN_INT_CONVERSION = YES;
				CLANG_WARN_NON_LITERAL_NULL_CONVERSION = YES;
				CLANG_WARN_OBJC_IMPLICIT_RETAIN_SELF = YES;
				CLANG_WARN_OBJC_LITERAL_CONVERSION = YES;
				CLANG_WARN_OBJC_ROOT_CLASS = YES_ERROR;
				CLANG_WARN_QUOTED_INCLUDE_IN_FRAMEWORK_HEADER = YES;
				CLANG_WARN_RANGE_LOOP_ANALYSIS = YES;
				CLANG_WARN_STRICT_PROTOTYPES = YES;
				CLANG_WARN_SUSPICIOUS_MOVE = YES;
				CLANG_WARN_UNGUARDED_AVAILABILITY = YES_AGGRESSIVE;
				CLANG_WARN_UNREACHABLE_CODE = YES;
				CLANG_WARN__DUPLICATE_METHOD_MATCH = YES;
				COPY_PHASE_STRIP = NO;
				DEBUG_INFORMATION_FORMAT = "dwarf-with-dsym";
				ENABLE_NS_ASSERTIONS = NO;
				ENABLE_STRICT_OBJC_MSGSEND = YES;
				GCC_C_LANGUAGE_STANDARD = gnu11;
				GCC_NO_COMMON_BLOCKS = YES;
				GCC_WARN_64_TO_32_BIT_CONVERSION = YES;
				GCC_WARN_ABOUT_RETURN_TYPE = YES_ERROR;
				GCC_WARN_UNDECLARED_SELECTOR = YES;
				GCC_WARN_UNINITIALIZED_AUTOS = YES_AGGRESSIVE;
				GCC_WARN_UNUSED_FUNCTION = YES;
				GCC_WARN_UNUSED_VARIABLE = YES;
				IPHONEOS_DEPLOYMENT_TARGET = 14.0;
				MTL_ENABLE_DEBUG_INFO = NO;
				MTL_FAST_MATH = YES;
				SDKROOT = iphoneos;
				SWIFT_COMPILATION_MODE = wholemodule;
				SWIFT_OPTIMIZATION_LEVEL = "-O";
				VALIDATE_PRODUCT = YES;
			};
			name = Release;
		};
		6309BEFB297110C700AA6DDF /* Debug */ = {
			isa = XCBuildConfiguration;
			buildSettings = {
				ASSETCATALOG_COMPILER_APPICON_NAME = AppIcon;
				ASSETCATALOG_COMPILER_GLOBAL_ACCENT_COLOR_NAME = AccentColor;
				CODE_SIGN_STYLE = Automatic;
				CURRENT_PROJECT_VERSION = 1;
				DEVELOPMENT_TEAM = 987U6Z8WAX;
				GENERATE_INFOPLIST_FILE = YES;
				INFOPLIST_FILE = ChallenguePlatziUIKit/Resources/Info.plist;
				INFOPLIST_KEY_UIApplicationSupportsIndirectInputEvents = YES;
				INFOPLIST_KEY_UILaunchStoryboardName = LaunchScreen.storyboard;
				INFOPLIST_KEY_UISupportedInterfaceOrientations = "UIInterfaceOrientationLandscapeRight UIInterfaceOrientationPortrait";
				INFOPLIST_KEY_UISupportedInterfaceOrientations_iPad = "UIInterfaceOrientationLandscapeLeft UIInterfaceOrientationLandscapeRight UIInterfaceOrientationPortrait";
				LD_RUNPATH_SEARCH_PATHS = (
					"$(inherited)",
					"@executable_path/Frameworks",
				);
				MARKETING_VERSION = 1.0;
				PRODUCT_BUNDLE_IDENTIFIER = RADG.ChallenguePlatziUIKit;
				PRODUCT_NAME = "$(TARGET_NAME)";
				SWIFT_EMIT_LOC_STRINGS = YES;
				SWIFT_VERSION = 5.0;
				TARGETED_DEVICE_FAMILY = "1,2";
			};
			name = Debug;
		};
		6309BEFC297110C700AA6DDF /* Release */ = {
			isa = XCBuildConfiguration;
			buildSettings = {
				ASSETCATALOG_COMPILER_APPICON_NAME = AppIcon;
				ASSETCATALOG_COMPILER_GLOBAL_ACCENT_COLOR_NAME = AccentColor;
				CODE_SIGN_STYLE = Automatic;
				CURRENT_PROJECT_VERSION = 1;
				DEVELOPMENT_TEAM = 987U6Z8WAX;
				GENERATE_INFOPLIST_FILE = YES;
				INFOPLIST_FILE = ChallenguePlatziUIKit/Resources/Info.plist;
				INFOPLIST_KEY_UIApplicationSupportsIndirectInputEvents = YES;
				INFOPLIST_KEY_UILaunchStoryboardName = LaunchScreen.storyboard;
				INFOPLIST_KEY_UISupportedInterfaceOrientations = "UIInterfaceOrientationLandscapeRight UIInterfaceOrientationPortrait";
				INFOPLIST_KEY_UISupportedInterfaceOrientations_iPad = "UIInterfaceOrientationLandscapeLeft UIInterfaceOrientationLandscapeRight UIInterfaceOrientationPortrait";
				LD_RUNPATH_SEARCH_PATHS = (
					"$(inherited)",
					"@executable_path/Frameworks",
				);
				MARKETING_VERSION = 1.0;
				PRODUCT_BUNDLE_IDENTIFIER = RADG.ChallenguePlatziUIKit;
				PRODUCT_NAME = "$(TARGET_NAME)";
				SWIFT_EMIT_LOC_STRINGS = YES;
				SWIFT_VERSION = 5.0;
				TARGETED_DEVICE_FAMILY = "1,2";
			};
			name = Release;
		};
		6309BEFE297110C700AA6DDF /* Debug */ = {
			isa = XCBuildConfiguration;
			buildSettings = {
				ALWAYS_EMBED_SWIFT_STANDARD_LIBRARIES = YES;
				BUNDLE_LOADER = "$(TEST_HOST)";
				CODE_SIGN_STYLE = Automatic;
				CURRENT_PROJECT_VERSION = 1;
				DEVELOPMENT_TEAM = 987U6Z8WAX;
				GENERATE_INFOPLIST_FILE = YES;
				IPHONEOS_DEPLOYMENT_TARGET = 16.2;
				MARKETING_VERSION = 1.0;
				PRODUCT_BUNDLE_IDENTIFIER = RADG.ChallenguePlatziUIKitTests;
				PRODUCT_NAME = "$(TARGET_NAME)";
				SWIFT_EMIT_LOC_STRINGS = NO;
				SWIFT_VERSION = 5.0;
				TARGETED_DEVICE_FAMILY = "1,2";
				TEST_HOST = "$(BUILT_PRODUCTS_DIR)/ChallenguePlatziUIKit.app/$(BUNDLE_EXECUTABLE_FOLDER_PATH)/ChallenguePlatziUIKit";
			};
			name = Debug;
		};
		6309BEFF297110C700AA6DDF /* Release */ = {
			isa = XCBuildConfiguration;
			buildSettings = {
				ALWAYS_EMBED_SWIFT_STANDARD_LIBRARIES = YES;
				BUNDLE_LOADER = "$(TEST_HOST)";
				CODE_SIGN_STYLE = Automatic;
				CURRENT_PROJECT_VERSION = 1;
				DEVELOPMENT_TEAM = 987U6Z8WAX;
				GENERATE_INFOPLIST_FILE = YES;
				IPHONEOS_DEPLOYMENT_TARGET = 16.2;
				MARKETING_VERSION = 1.0;
				PRODUCT_BUNDLE_IDENTIFIER = RADG.ChallenguePlatziUIKitTests;
				PRODUCT_NAME = "$(TARGET_NAME)";
				SWIFT_EMIT_LOC_STRINGS = NO;
				SWIFT_VERSION = 5.0;
				TARGETED_DEVICE_FAMILY = "1,2";
				TEST_HOST = "$(BUILT_PRODUCTS_DIR)/ChallenguePlatziUIKit.app/$(BUNDLE_EXECUTABLE_FOLDER_PATH)/ChallenguePlatziUIKit";
			};
			name = Release;
		};
		6309BF01297110C700AA6DDF /* Debug */ = {
			isa = XCBuildConfiguration;
			buildSettings = {
				ALWAYS_EMBED_SWIFT_STANDARD_LIBRARIES = YES;
				CODE_SIGN_STYLE = Automatic;
				CURRENT_PROJECT_VERSION = 1;
				DEVELOPMENT_TEAM = 987U6Z8WAX;
				GENERATE_INFOPLIST_FILE = YES;
				MARKETING_VERSION = 1.0;
				PRODUCT_BUNDLE_IDENTIFIER = RADG.ChallenguePlatziUIKitUITests;
				PRODUCT_NAME = "$(TARGET_NAME)";
				SWIFT_EMIT_LOC_STRINGS = NO;
				SWIFT_VERSION = 5.0;
				TARGETED_DEVICE_FAMILY = "1,2";
				TEST_TARGET_NAME = ChallenguePlatziUIKit;
			};
			name = Debug;
		};
		6309BF02297110C700AA6DDF /* Release */ = {
			isa = XCBuildConfiguration;
			buildSettings = {
				ALWAYS_EMBED_SWIFT_STANDARD_LIBRARIES = YES;
				CODE_SIGN_STYLE = Automatic;
				CURRENT_PROJECT_VERSION = 1;
				DEVELOPMENT_TEAM = 987U6Z8WAX;
				GENERATE_INFOPLIST_FILE = YES;
				MARKETING_VERSION = 1.0;
				PRODUCT_BUNDLE_IDENTIFIER = RADG.ChallenguePlatziUIKitUITests;
				PRODUCT_NAME = "$(TARGET_NAME)";
				SWIFT_EMIT_LOC_STRINGS = NO;
				SWIFT_VERSION = 5.0;
				TARGETED_DEVICE_FAMILY = "1,2";
				TEST_TARGET_NAME = ChallenguePlatziUIKit;
			};
			name = Release;
		};
/* End XCBuildConfiguration section */

/* Begin XCConfigurationList section */
		6309BECB297110C600AA6DDF /* Build configuration list for PBXProject "ChallenguePlatziUIKit" */ = {
			isa = XCConfigurationList;
			buildConfigurations = (
				6309BEF8297110C700AA6DDF /* Debug */,
				6309BEF9297110C700AA6DDF /* Release */,
			);
			defaultConfigurationIsVisible = 0;
			defaultConfigurationName = Release;
		};
		6309BEFA297110C700AA6DDF /* Build configuration list for PBXNativeTarget "ChallenguePlatziUIKit" */ = {
			isa = XCConfigurationList;
			buildConfigurations = (
				6309BEFB297110C700AA6DDF /* Debug */,
				6309BEFC297110C700AA6DDF /* Release */,
			);
			defaultConfigurationIsVisible = 0;
			defaultConfigurationName = Release;
		};
		6309BEFD297110C700AA6DDF /* Build configuration list for PBXNativeTarget "ChallenguePlatziUIKitTests" */ = {
			isa = XCConfigurationList;
			buildConfigurations = (
				6309BEFE297110C700AA6DDF /* Debug */,
				6309BEFF297110C700AA6DDF /* Release */,
			);
			defaultConfigurationIsVisible = 0;
			defaultConfigurationName = Release;
		};
		6309BF00297110C700AA6DDF /* Build configuration list for PBXNativeTarget "ChallenguePlatziUIKitUITests" */ = {
			isa = XCConfigurationList;
			buildConfigurations = (
				6309BF01297110C700AA6DDF /* Debug */,
				6309BF02297110C700AA6DDF /* Release */,
			);
			defaultConfigurationIsVisible = 0;
			defaultConfigurationName = Release;
		};
/* End XCConfigurationList section */

/* Begin XCRemoteSwiftPackageReference section */
		6309BF18297153FF00AA6DDF /* XCRemoteSwiftPackageReference "GenericWebServicesLayer" */ = {
			isa = XCRemoteSwiftPackageReference;
			repositoryURL = "https://github.com/radg1596/GenericWebServicesLayer.git";
			requirement = {
				branch = main;
				kind = branch;
			};
		};
		6309BF4A29729BFA00AA6DDF /* XCRemoteSwiftPackageReference "lottie-ios" */ = {
			isa = XCRemoteSwiftPackageReference;
			repositoryURL = "https://github.com/airbnb/lottie-ios";
			requirement = {
				kind = upToNextMajorVersion;
				minimumVersion = 4.0.0;
			};
		};
/* End XCRemoteSwiftPackageReference section */

/* Begin XCSwiftPackageProductDependency section */
		6309BF19297153FF00AA6DDF /* GenericNetworkingLayer */ = {
			isa = XCSwiftPackageProductDependency;
			package = 6309BF18297153FF00AA6DDF /* XCRemoteSwiftPackageReference "GenericWebServicesLayer" */;
			productName = GenericNetworkingLayer;
		};
		6309BF4B29729BFA00AA6DDF /* Lottie */ = {
			isa = XCSwiftPackageProductDependency;
			package = 6309BF4A29729BFA00AA6DDF /* XCRemoteSwiftPackageReference "lottie-ios" */;
			productName = Lottie;
		};
/* End XCSwiftPackageProductDependency section */
	};
	rootObject = 6309BEC8297110C600AA6DDF /* Project object */;
}
